
Microsoft Visual Studio Solution File, Format Version 12.00
# Visual Studio Version 16
VisualStudioVersion = 16.0.31129.286
MinimumVisualStudioVersion = 10.0.40219.1
Project("{9A19103F-16F7-4668-BE54-9A1E7A4F7556}") = "Builder", "Builder\Builder.csproj", "{B87FB322-66E8-4CEC-A938-0CF51E84273B}"
EndProject
Global
	GlobalSection(SolutionConfigurationPlatforms) = preSolution
		Debug|Any CPU = Debug|Any CPU
		Release|Any CPU = Release|Any CPU
	EndGlobalSection
	GlobalSection(ProjectConfigurationPlatforms) = postSolution
		{B87FB322-66E8-4CEC-A938-0CF51E84273B}.Debug|Any CPU.ActiveCfg = Debug|Any CPU
		{B87FB322-66E8-4CEC-A938-0CF51E84273B}.Debug|Any CPU.Build.0 = Debug|Any CPU
		{B87FB322-66E8-4CEC-A938-0CF51E84273B}.Release|Any CPU.ActiveCfg = Release|Any CPU
		{B87FB322-66E8-4CEC-A938-0CF51E84273B}.Release|Any CPU.Build.0 = Release|Any CPU
	EndGlobalSection
	GlobalSection(SolutionProperties) = preSolution
		HideSolutionNode = FALSE
	EndGlobalSection
	GlobalSection(ExtensibilityGlobals) = postSolution
		SolutionGuid = {51B1C66B-CFDA-4C4E-B11E-9ABA453D4FA5}
	EndGlobalSection
EndGlobal
